
Microsoft Visual Studio Solution File, Format Version 12.00
# Visual Studio 14
VisualStudioVersion = 14.0.25420.1
MinimumVisualStudioVersion = 10.0.40219.1
Project("{FAE04EC0-301F-11D3-BF4B-00C04F79EFBC}") = "Model", "Model\Model.csproj", "{2A6ACED7-4622-4049-9EFD-62711CF9CBB5}"
EndProject
Project("{FAE04EC0-301F-11D3-BF4B-00C04F79EFBC}") = "FormApp", "FormApp\FormApp.csproj", "{B0600B4B-7BE3-47F5-9D4B-042D9FBE3DA3}"
EndProject
Global
	GlobalSection(SolutionConfigurationPlatforms) = preSolution
		Debug|Any CPU = Debug|Any CPU
		Release|Any CPU = Release|Any CPU
	EndGlobalSection
	GlobalSection(ProjectConfigurationPlatforms) = postSolution
		{2A6ACED7-4622-4049-9EFD-62711CF9CBB5}.Debug|Any CPU.ActiveCfg = Debug|Any CPU
		{2A6ACED7-4622-4049-9EFD-62711CF9CBB5}.Debug|Any CPU.Build.0 = Debug|Any CPU
		{2A6ACED7-4622-4049-9EFD-62711CF9CBB5}.Release|Any CPU.ActiveCfg = Release|Any CPU
		{2A6ACED7-4622-4049-9EFD-62711CF9CBB5}.Release|Any CPU.Build.0 = Release|Any CPU
		{B0600B4B-7BE3-47F5-9D4B-042D9FBE3DA3}.Debug|Any CPU.ActiveCfg = Debug|Any CPU
		{B0600B4B-7BE3-47F5-9D4B-042D9FBE3DA3}.Debug|Any CPU.Build.0 = Debug|Any CPU
		{B0600B4B-7BE3-47F5-9D4B-042D9FBE3DA3}.Release|Any CPU.ActiveCfg = Release|Any CPU
		{B0600B4B-7BE3-47F5-9D4B-042D9FBE3DA3}.Release|Any CPU.Build.0 = Release|Any CPU
	EndGlobalSection
	GlobalSection(SolutionProperties) = preSolution
		HideSolutionNode = FALSE
	EndGlobalSection
EndGlobal
